
Microsoft Visual Studio Solution File, Format Version 12.00
# Visual Studio Version 16
VisualStudioVersion = 16.0.31313.79
MinimumVisualStudioVersion = 10.0.40219.1
Project("{FAE04EC0-301F-11D3-BF4B-00C04F79EFBC}") = "BasicCoreProgram", "BasicCoreProgram.csproj", "{744BE389-8011-445E-846C-F62263F0C434}"
EndProject
Global
	GlobalSection(SolutionConfigurationPlatforms) = preSolution
		Debug|Any CPU = Debug|Any CPU
		Release|Any CPU = Release|Any CPU
	EndGlobalSection
	GlobalSection(ProjectConfigurationPlatforms) = postSolution
		{744BE389-8011-445E-846C-F62263F0C434}.Debug|Any CPU.ActiveCfg = Debug|Any CPU
		{744BE389-8011-445E-846C-F62263F0C434}.Debug|Any CPU.Build.0 = Debug|Any CPU
		{744BE389-8011-445E-846C-F62263F0C434}.Release|Any CPU.ActiveCfg = Release|Any CPU
		{744BE389-8011-445E-846C-F62263F0C434}.Release|Any CPU.Build.0 = Release|Any CPU
	EndGlobalSection
	GlobalSection(SolutionProperties) = preSolution
		HideSolutionNode = FALSE
	EndGlobalSection
	GlobalSection(ExtensibilityGlobals) = postSolution
		SolutionGuid = {54B8CDC6-FEEC-49CD-A36F-C65A365DFAA5}
	EndGlobalSection
EndGlobal
